
Microsoft Visual Studio Solution File, Format Version 12.00
# Visual Studio Version 17
VisualStudioVersion = 17.10.35013.160
MinimumVisualStudioVersion = 10.0.40219.1
Project("{FAE04EC0-301F-11D3-BF4B-00C04F79EFBC}") = "TowerDefense", "TowerDefense\TowerDefense.csproj", "{C45C60B2-59E8-4267-9039-498C7A7FC597}"
EndProject
Global
	GlobalSection(SolutionConfigurationPlatforms) = preSolution
		Debug|Any CPU = Debug|Any CPU
		Release|Any CPU = Release|Any CPU
	EndGlobalSection
	GlobalSection(ProjectConfigurationPlatforms) = postSolution
		{C45C60B2-59E8-4267-9039-498C7A7FC597}.Debug|Any CPU.ActiveCfg = Debug|Any CPU
		{C45C60B2-59E8-4267-9039-498C7A7FC597}.Debug|Any CPU.Build.0 = Debug|Any CPU
		{C45C60B2-59E8-4267-9039-498C7A7FC597}.Release|Any CPU.ActiveCfg = Release|Any CPU
		{C45C60B2-59E8-4267-9039-498C7A7FC597}.Release|Any CPU.Build.0 = Release|Any CPU
	EndGlobalSection
	GlobalSection(SolutionProperties) = preSolution
		HideSolutionNode = FALSE
	EndGlobalSection
	GlobalSection(ExtensibilityGlobals) = postSolution
		SolutionGuid = {6B7EA347-E462-4ABF-B874-4F110518A227}
	EndGlobalSection
EndGlobal
